{
    "name": "firefly-iii",
    "lockfileVersion": 3,
    "requires": true,
    "packages": {
        "": {
            "dependencies": {
                "@fortawesome/fontawesome-free": "^6.4.0",
                "@popperjs/core": "^2.11.8",
                "alpinejs": "^3.13.3",
                "bootstrap": "^5.3.0",
                "bootstrap5-autocomplete": "^1.1.22",
                "chart.js": "^4.4.0",
                "chartjs-adapter-date-fns": "^3.0.0",
                "chartjs-chart-sankey": "^0.12.0",
                "date-fns": "^2.30.0",
                "i18n-js": "^4.3.2",
                "store": "^2.0.12"
            },
            "devDependencies": {
                "axios": "^1.6.1",
                "laravel-vite-plugin": "^0.8.1",
                "sass": "^1.69.4",
                "vite": "^5.0.7",
                "vite-plugin-manifest-sri": "^0.1.0"
            }
        },
        "node_modules/@babel/runtime": {
            "version": "7.23.5",
            "resolved": "https://registry.npmjs.org/@babel/runtime/-/runtime-7.23.5.tgz",
            "integrity": "sha512-NdUTHcPe4C99WxPub+K9l9tK5/lV4UXIoaHSYgzco9BCyjKAAwzdBI+wWtYqHt7LJdbo74ZjRPJgzVweq1sz0w==",
            "dependencies": {
                "regenerator-runtime": "^0.14.0"
            },
            "engines": {
                "node": ">=6.9.0"
            }
        },
        "node_modules/@esbuild/android-arm": {
            "version": "0.19.9",
            "resolved": "https://registry.npmjs.org/@esbuild/android-arm/-/android-arm-0.19.9.tgz",
            "integrity": "sha512-jkYjjq7SdsWuNI6b5quymW0oC83NN5FdRPuCbs9HZ02mfVdAP8B8eeqLSYU3gb6OJEaY5CQabtTFbqBf26H3GA==",
            "cpu": [
                "arm"
            ],
            "dev": true,
            "optional": true,
            "os": [
                "android"
            ],
            "engines": {
                "node": ">=12"
            }
        },
        "node_modules/@esbuild/android-arm64": {
            "version": "0.19.9",
            "resolved": "https://registry.npmjs.org/@esbuild/android-arm64/-/android-arm64-0.19.9.tgz",
            "integrity": "sha512-q4cR+6ZD0938R19MyEW3jEsMzbb/1rulLXiNAJQADD/XYp7pT+rOS5JGxvpRW8dFDEfjW4wLgC/3FXIw4zYglQ==",
            "cpu": [
                "arm64"
            ],
            "dev": true,
            "optional": true,
            "os": [
                "android"
            ],
            "engines": {
                "node": ">=12"
            }
        },
        "node_modules/@esbuild/android-x64": {
            "version": "0.19.9",
            "resolved": "https://registry.npmjs.org/@esbuild/android-x64/-/android-x64-0.19.9.tgz",
            "integrity": "sha512-KOqoPntWAH6ZxDwx1D6mRntIgZh9KodzgNOy5Ebt9ghzffOk9X2c1sPwtM9P+0eXbefnDhqYfkh5PLP5ULtWFA==",
            "cpu": [
                "x64"
            ],
            "dev": true,
            "optional": true,
            "os": [
                "android"
            ],
            "engines": {
                "node": ">=12"
            }
        },
        "node_modules/@esbuild/darwin-arm64": {
            "version": "0.19.9",
            "resolved": "https://registry.npmjs.org/@esbuild/darwin-arm64/-/darwin-arm64-0.19.9.tgz",
            "integrity": "sha512-KBJ9S0AFyLVx2E5D8W0vExqRW01WqRtczUZ8NRu+Pi+87opZn5tL4Y0xT0mA4FtHctd0ZgwNoN639fUUGlNIWw==",
            "cpu": [
                "arm64"
            ],
            "dev": true,
            "optional": true,
            "os": [
                "darwin"
            ],
            "engines": {
                "node": ">=12"
            }
        },
        "node_modules/@esbuild/darwin-x64": {
            "version": "0.19.9",
            "resolved": "https://registry.npmjs.org/@esbuild/darwin-x64/-/darwin-x64-0.19.9.tgz",
            "integrity": "sha512-vE0VotmNTQaTdX0Q9dOHmMTao6ObjyPm58CHZr1UK7qpNleQyxlFlNCaHsHx6Uqv86VgPmR4o2wdNq3dP1qyDQ==",
            "cpu": [
                "x64"
            ],
            "dev": true,
            "optional": true,
            "os": [
                "darwin"
            ],
            "engines": {
                "node": ">=12"
            }
        },
        "node_modules/@esbuild/freebsd-arm64": {
            "version": "0.19.9",
            "resolved": "https://registry.npmjs.org/@esbuild/freebsd-arm64/-/freebsd-arm64-0.19.9.tgz",
            "integrity": "sha512-uFQyd/o1IjiEk3rUHSwUKkqZwqdvuD8GevWF065eqgYfexcVkxh+IJgwTaGZVu59XczZGcN/YMh9uF1fWD8j1g==",
            "cpu": [
                "arm64"
            ],
            "dev": true,
            "optional": true,
            "os": [
                "freebsd"
            ],
            "engines": {
                "node": ">=12"
            }
        },
        "node_modules/@esbuild/freebsd-x64": {
            "version": "0.19.9",
            "resolved": "https://registry.npmjs.org/@esbuild/freebsd-x64/-/freebsd-x64-0.19.9.tgz",
            "integrity": "sha512-WMLgWAtkdTbTu1AWacY7uoj/YtHthgqrqhf1OaEWnZb7PQgpt8eaA/F3LkV0E6K/Lc0cUr/uaVP/49iE4M4asA==",
            "cpu": [
                "x64"
            ],
            "dev": true,
            "optional": true,
            "os": [
                "freebsd"
            ],
            "engines": {
                "node": ">=12"
            }
        },
        "node_modules/@esbuild/linux-arm": {
            "version": "0.19.9",
            "resolved": "https://registry.npmjs.org/@esbuild/linux-arm/-/linux-arm-0.19.9.tgz",
            "integrity": "sha512-C/ChPohUYoyUaqn1h17m/6yt6OB14hbXvT8EgM1ZWaiiTYz7nWZR0SYmMnB5BzQA4GXl3BgBO1l8MYqL/He3qw==",
            "cpu": [
                "arm"
            ],
            "dev": true,
            "optional": true,
            "os": [
                "linux"
            ],
            "engines": {
                "node": ">=12"
            }
        },
        "node_modules/@esbuild/linux-arm64": {
            "version": "0.19.9",
            "resolved": "https://registry.npmjs.org/@esbuild/linux-arm64/-/linux-arm64-0.19.9.tgz",
            "integrity": "sha512-PiPblfe1BjK7WDAKR1Cr9O7VVPqVNpwFcPWgfn4xu0eMemzRp442hXyzF/fSwgrufI66FpHOEJk0yYdPInsmyQ==",
            "cpu": [
                "arm64"
            ],
            "dev": true,
            "optional": true,
            "os": [
                "linux"
            ],
            "engines": {
                "node": ">=12"
            }
        },
        "node_modules/@esbuild/linux-ia32": {
            "version": "0.19.9",
            "resolved": "https://registry.npmjs.org/@esbuild/linux-ia32/-/linux-ia32-0.19.9.tgz",
            "integrity": "sha512-f37i/0zE0MjDxijkPSQw1CO/7C27Eojqb+r3BbHVxMLkj8GCa78TrBZzvPyA/FNLUMzP3eyHCVkAopkKVja+6Q==",
            "cpu": [
                "ia32"
            ],
            "dev": true,
            "optional": true,
            "os": [
                "linux"
            ],
            "engines": {
                "node": ">=12"
            }
        },
        "node_modules/@esbuild/linux-loong64": {
            "version": "0.19.9",
            "resolved": "https://registry.npmjs.org/@esbuild/linux-loong64/-/linux-loong64-0.19.9.tgz",
            "integrity": "sha512-t6mN147pUIf3t6wUt3FeumoOTPfmv9Cc6DQlsVBpB7eCpLOqQDyWBP1ymXn1lDw4fNUSb/gBcKAmvTP49oIkaA==",
            "cpu": [
                "loong64"
            ],
            "dev": true,
            "optional": true,
            "os": [
                "linux"
            ],
            "engines": {
                "node": ">=12"
            }
        },
        "node_modules/@esbuild/linux-mips64el": {
            "version": "0.19.9",
            "resolved": "https://registry.npmjs.org/@esbuild/linux-mips64el/-/linux-mips64el-0.19.9.tgz",
            "integrity": "sha512-jg9fujJTNTQBuDXdmAg1eeJUL4Jds7BklOTkkH80ZgQIoCTdQrDaHYgbFZyeTq8zbY+axgptncko3v9p5hLZtw==",
            "cpu": [
                "mips64el"
            ],
            "dev": true,
            "optional": true,
            "os": [
                "linux"
            ],
            "engines": {
                "node": ">=12"
            }
        },
        "node_modules/@esbuild/linux-ppc64": {
            "version": "0.19.9",
            "resolved": "https://registry.npmjs.org/@esbuild/linux-ppc64/-/linux-ppc64-0.19.9.tgz",
            "integrity": "sha512-tkV0xUX0pUUgY4ha7z5BbDS85uI7ABw3V1d0RNTii7E9lbmV8Z37Pup2tsLV46SQWzjOeyDi1Q7Wx2+QM8WaCQ==",
            "cpu": [
                "ppc64"
            ],
            "dev": true,
            "optional": true,
            "os": [
                "linux"
            ],
            "engines": {
                "node": ">=12"
            }
        },
        "node_modules/@esbuild/linux-riscv64": {
            "version": "0.19.9",
            "resolved": "https://registry.npmjs.org/@esbuild/linux-riscv64/-/linux-riscv64-0.19.9.tgz",
            "integrity": "sha512-DfLp8dj91cufgPZDXr9p3FoR++m3ZJ6uIXsXrIvJdOjXVREtXuQCjfMfvmc3LScAVmLjcfloyVtpn43D56JFHg==",
            "cpu": [
                "riscv64"
            ],
            "dev": true,
            "optional": true,
            "os": [
                "linux"
            ],
            "engines": {
                "node": ">=12"
            }
        },
        "node_modules/@esbuild/linux-s390x": {
            "version": "0.19.9",
            "resolved": "https://registry.npmjs.org/@esbuild/linux-s390x/-/linux-s390x-0.19.9.tgz",
            "integrity": "sha512-zHbglfEdC88KMgCWpOl/zc6dDYJvWGLiUtmPRsr1OgCViu3z5GncvNVdf+6/56O2Ca8jUU+t1BW261V6kp8qdw==",
            "cpu": [
                "s390x"
            ],
            "dev": true,
            "optional": true,
            "os": [
                "linux"
            ],
            "engines": {
                "node": ">=12"
            }
        },
        "node_modules/@esbuild/linux-x64": {
            "version": "0.19.9",
            "resolved": "https://registry.npmjs.org/@esbuild/linux-x64/-/linux-x64-0.19.9.tgz",
            "integrity": "sha512-JUjpystGFFmNrEHQnIVG8hKwvA2DN5o7RqiO1CVX8EN/F/gkCjkUMgVn6hzScpwnJtl2mPR6I9XV1oW8k9O+0A==",
            "cpu": [
                "x64"
            ],
            "dev": true,
            "optional": true,
            "os": [
                "linux"
            ],
            "engines": {
                "node": ">=12"
            }
        },
        "node_modules/@esbuild/netbsd-x64": {
            "version": "0.19.9",
            "resolved": "https://registry.npmjs.org/@esbuild/netbsd-x64/-/netbsd-x64-0.19.9.tgz",
            "integrity": "sha512-GThgZPAwOBOsheA2RUlW5UeroRfESwMq/guy8uEe3wJlAOjpOXuSevLRd70NZ37ZrpO6RHGHgEHvPg1h3S1Jug==",
            "cpu": [
                "x64"
            ],
            "dev": true,
            "optional": true,
            "os": [
                "netbsd"
            ],
            "engines": {
                "node": ">=12"
            }
        },
        "node_modules/@esbuild/openbsd-x64": {
            "version": "0.19.9",
            "resolved": "https://registry.npmjs.org/@esbuild/openbsd-x64/-/openbsd-x64-0.19.9.tgz",
            "integrity": "sha512-Ki6PlzppaFVbLnD8PtlVQfsYw4S9n3eQl87cqgeIw+O3sRr9IghpfSKY62mggdt1yCSZ8QWvTZ9jo9fjDSg9uw==",
            "cpu": [
                "x64"
            ],
            "dev": true,
            "optional": true,
            "os": [
                "openbsd"
            ],
            "engines": {
                "node": ">=12"
            }
        },
        "node_modules/@esbuild/sunos-x64": {
            "version": "0.19.9",
            "resolved": "https://registry.npmjs.org/@esbuild/sunos-x64/-/sunos-x64-0.19.9.tgz",
            "integrity": "sha512-MLHj7k9hWh4y1ddkBpvRj2b9NCBhfgBt3VpWbHQnXRedVun/hC7sIyTGDGTfsGuXo4ebik2+3ShjcPbhtFwWDw==",
            "cpu": [
                "x64"
            ],
            "dev": true,
            "optional": true,
            "os": [
                "sunos"
            ],
            "engines": {
                "node": ">=12"
            }
        },
        "node_modules/@esbuild/win32-arm64": {
            "version": "0.19.9",
            "resolved": "https://registry.npmjs.org/@esbuild/win32-arm64/-/win32-arm64-0.19.9.tgz",
            "integrity": "sha512-GQoa6OrQ8G08guMFgeXPH7yE/8Dt0IfOGWJSfSH4uafwdC7rWwrfE6P9N8AtPGIjUzdo2+7bN8Xo3qC578olhg==",
            "cpu": [
                "arm64"
            ],
            "dev": true,
            "optional": true,
            "os": [
                "win32"
            ],
            "engines": {
                "node": ">=12"
            }
        },
        "node_modules/@esbuild/win32-ia32": {
            "version": "0.19.9",
            "resolved": "https://registry.npmjs.org/@esbuild/win32-ia32/-/win32-ia32-0.19.9.tgz",
            "integrity": "sha512-UOozV7Ntykvr5tSOlGCrqU3NBr3d8JqPes0QWN2WOXfvkWVGRajC+Ym0/Wj88fUgecUCLDdJPDF0Nna2UK3Qtg==",
            "cpu": [
                "ia32"
            ],
            "dev": true,
            "optional": true,
            "os": [
                "win32"
            ],
            "engines": {
                "node": ">=12"
            }
        },
        "node_modules/@esbuild/win32-x64": {
            "version": "0.19.9",
            "resolved": "https://registry.npmjs.org/@esbuild/win32-x64/-/win32-x64-0.19.9.tgz",
            "integrity": "sha512-oxoQgglOP7RH6iasDrhY+R/3cHrfwIDvRlT4CGChflq6twk8iENeVvMJjmvBb94Ik1Z+93iGO27err7w6l54GQ==",
            "cpu": [
                "x64"
            ],
            "dev": true,
            "optional": true,
            "os": [
                "win32"
            ],
            "engines": {
                "node": ">=12"
            }
        },
        "node_modules/@fortawesome/fontawesome-free": {
            "version": "6.5.1",
            "resolved": "https://registry.npmjs.org/@fortawesome/fontawesome-free/-/fontawesome-free-6.5.1.tgz",
            "integrity": "sha512-CNy5vSwN3fsUStPRLX7fUYojyuzoEMSXPl7zSLJ8TgtRfjv24LOnOWKT2zYwaHZCJGkdyRnTmstR0P+Ah503Gw==",
            "hasInstallScript": true,
            "engines": {
                "node": ">=6"
            }
        },
        "node_modules/@kurkle/color": {
            "version": "0.3.2",
            "resolved": "https://registry.npmjs.org/@kurkle/color/-/color-0.3.2.tgz",
            "integrity": "sha512-fuscdXJ9G1qb7W8VdHi+IwRqij3lBkosAm4ydQtEmbY58OzHXqQhvlxqEkoz0yssNVn38bcpRWgA9PP+OGoisw=="
        },
        "node_modules/@popperjs/core": {
            "version": "2.11.8",
            "resolved": "https://registry.npmjs.org/@popperjs/core/-/core-2.11.8.tgz",
            "integrity": "sha512-P1st0aksCrn9sGZhp8GMYwBnQsbvAWsZAX44oXNNvLHGqAOcoVxmjZiohstwQ7SqKnbR47akdNi+uleWD8+g6A==",
            "funding": {
                "type": "opencollective",
                "url": "https://opencollective.com/popperjs"
            }
        },
        "node_modules/@rollup/rollup-android-arm-eabi": {
            "version": "4.7.0",
            "resolved": "https://registry.npmjs.org/@rollup/rollup-android-arm-eabi/-/rollup-android-arm-eabi-4.7.0.tgz",
            "integrity": "sha512-rGku10pL1StFlFvXX5pEv88KdGW6DHUghsxyP/aRYb9eH+74jTGJ3U0S/rtlsQ4yYq1Hcc7AMkoJOb1xu29Fxw==",
            "cpu": [
                "arm"
            ],
            "dev": true,
            "optional": true,
            "os": [
                "android"
            ]
        },
        "node_modules/@rollup/rollup-android-arm64": {
            "version": "4.7.0",
            "resolved": "https://registry.npmjs.org/@rollup/rollup-android-arm64/-/rollup-android-arm64-4.7.0.tgz",
            "integrity": "sha512-/EBw0cuJ/KVHiU2qyVYUhogXz7W2vXxBzeE9xtVIMC+RyitlY2vvaoysMUqASpkUtoNIHlnKTu/l7mXOPgnKOA==",
            "cpu": [
                "arm64"
            ],
            "dev": true,
            "optional": true,
            "os": [
                "android"
            ]
        },
        "node_modules/@rollup/rollup-darwin-arm64": {
            "version": "4.7.0",
            "resolved": "https://registry.npmjs.org/@rollup/rollup-darwin-arm64/-/rollup-darwin-arm64-4.7.0.tgz",
            "integrity": "sha512-4VXG1bgvClJdbEYYjQ85RkOtwN8sqI3uCxH0HC5w9fKdqzRzgG39K7GAehATGS8jghA7zNoS5CjSKkDEqWmNZg==",
            "cpu": [
                "arm64"
            ],
            "dev": true,
            "optional": true,
            "os": [
                "darwin"
            ]
        },
        "node_modules/@rollup/rollup-darwin-x64": {
            "version": "4.7.0",
            "resolved": "https://registry.npmjs.org/@rollup/rollup-darwin-x64/-/rollup-darwin-x64-4.7.0.tgz",
            "integrity": "sha512-/ImhO+T/RWJ96hUbxiCn2yWI0/MeQZV/aeukQQfhxiSXuZJfyqtdHPUPrc84jxCfXTxbJLmg4q+GBETeb61aNw==",
            "cpu": [
                "x64"
            ],
            "dev": true,
            "optional": true,
            "os": [
                "darwin"
            ]
        },
        "node_modules/@rollup/rollup-linux-arm-gnueabihf": {
            "version": "4.7.0",
            "resolved": "https://registry.npmjs.org/@rollup/rollup-linux-arm-gnueabihf/-/rollup-linux-arm-gnueabihf-4.7.0.tgz",
            "integrity": "sha512-zhye8POvTyUXlKbfPBVqoHy3t43gIgffY+7qBFqFxNqVtltQLtWeHNAbrMnXiLIfYmxcoL/feuLDote2tx+Qbg==",
            "cpu": [
                "arm"
            ],
            "dev": true,
            "optional": true,
            "os": [
                "linux"
            ]
        },
        "node_modules/@rollup/rollup-linux-arm64-gnu": {
            "version": "4.7.0",
            "resolved": "https://registry.npmjs.org/@rollup/rollup-linux-arm64-gnu/-/rollup-linux-arm64-gnu-4.7.0.tgz",
            "integrity": "sha512-RAdr3OJnUum6Vs83cQmKjxdTg31zJnLLTkjhcFt0auxM6jw00GD6IPFF42uasYPr/wGC6TRm7FsQiJyk0qIEfg==",
            "cpu": [
                "arm64"
            ],
            "dev": true,
            "optional": true,
            "os": [
                "linux"
            ]
        },
        "node_modules/@rollup/rollup-linux-arm64-musl": {
            "version": "4.7.0",
            "resolved": "https://registry.npmjs.org/@rollup/rollup-linux-arm64-musl/-/rollup-linux-arm64-musl-4.7.0.tgz",
            "integrity": "sha512-nhWwYsiJwZGq7SyR3afS3EekEOsEAlrNMpPC4ZDKn5ooYSEjDLe9W/xGvoIV8/F/+HNIY6jY8lIdXjjxfxopXw==",
            "cpu": [
                "arm64"
            ],
            "dev": true,
            "optional": true,
            "os": [
                "linux"
            ]
        },
        "node_modules/@rollup/rollup-linux-riscv64-gnu": {
            "version": "4.7.0",
            "resolved": "https://registry.npmjs.org/@rollup/rollup-linux-riscv64-gnu/-/rollup-linux-riscv64-gnu-4.7.0.tgz",
            "integrity": "sha512-rlfy5RnQG1aop1BL/gjdH42M2geMUyVQqd52GJVirqYc787A/XVvl3kQ5NG/43KXgOgE9HXgCaEH05kzQ+hLoA==",
            "cpu": [
                "riscv64"
            ],
            "dev": true,
            "optional": true,
            "os": [
                "linux"
            ]
        },
        "node_modules/@rollup/rollup-linux-x64-gnu": {
            "version": "4.7.0",
            "resolved": "https://registry.npmjs.org/@rollup/rollup-linux-x64-gnu/-/rollup-linux-x64-gnu-4.7.0.tgz",
            "integrity": "sha512-cCkoGlGWfBobdDtiiypxf79q6k3/iRVGu1HVLbD92gWV5WZbmuWJCgRM4x2N6i7ljGn1cGytPn9ZAfS8UwF6vg==",
            "cpu": [
                "x64"
            ],
            "dev": true,
            "optional": true,
            "os": [
                "linux"
            ]
        },
        "node_modules/@rollup/rollup-linux-x64-musl": {
            "version": "4.7.0",
            "resolved": "https://registry.npmjs.org/@rollup/rollup-linux-x64-musl/-/rollup-linux-x64-musl-4.7.0.tgz",
            "integrity": "sha512-R2oBf2p/Arc1m+tWmiWbpHBjEcJnHVnv6bsypu4tcKdrYTpDfl1UT9qTyfkIL1iiii5D4WHxUHCg5X0pzqmxFg==",
            "cpu": [
                "x64"
            ],
            "dev": true,
            "optional": true,
            "os": [
                "linux"
            ]
        },
        "node_modules/@rollup/rollup-win32-arm64-msvc": {
            "version": "4.7.0",
            "resolved": "https://registry.npmjs.org/@rollup/rollup-win32-arm64-msvc/-/rollup-win32-arm64-msvc-4.7.0.tgz",
            "integrity": "sha512-CPtgaQL1aaPc80m8SCVEoxFGHxKYIt3zQYC3AccL/SqqiWXblo3pgToHuBwR8eCP2Toa+X1WmTR/QKFMykws7g==",
            "cpu": [
                "arm64"
            ],
            "dev": true,
            "optional": true,
            "os": [
                "win32"
            ]
        },
        "node_modules/@rollup/rollup-win32-ia32-msvc": {
            "version": "4.7.0",
            "resolved": "https://registry.npmjs.org/@rollup/rollup-win32-ia32-msvc/-/rollup-win32-ia32-msvc-4.7.0.tgz",
            "integrity": "sha512-pmioUlttNh9GXF5x2CzNa7Z8kmRTyhEzzAC+2WOOapjewMbl+3tGuAnxbwc5JyG8Jsz2+hf/QD/n5VjimOZ63g==",
            "cpu": [
                "ia32"
            ],
            "dev": true,
            "optional": true,
            "os": [
                "win32"
            ]
        },
        "node_modules/@rollup/rollup-win32-x64-msvc": {
            "version": "4.7.0",
            "resolved": "https://registry.npmjs.org/@rollup/rollup-win32-x64-msvc/-/rollup-win32-x64-msvc-4.7.0.tgz",
            "integrity": "sha512-SeZzC2QhhdBQUm3U0c8+c/P6UlRyBcLL2Xp5KX7z46WXZxzR8RJSIWL9wSUeBTgxog5LTPJuPj0WOT9lvrtP7Q==",
            "cpu": [
                "x64"
            ],
            "dev": true,
            "optional": true,
            "os": [
                "win32"
            ]
        },
        "node_modules/@vue/reactivity": {
            "version": "3.1.5",
            "resolved": "https://registry.npmjs.org/@vue/reactivity/-/reactivity-3.1.5.tgz",
            "integrity": "sha512-1tdfLmNjWG6t/CsPldh+foumYFo3cpyCHgBYQ34ylaMsJ+SNHQ1kApMIa8jN+i593zQuaw3AdWH0nJTARzCFhg==",
            "dependencies": {
                "@vue/shared": "3.1.5"
            }
        },
        "node_modules/@vue/shared": {
            "version": "3.1.5",
            "resolved": "https://registry.npmjs.org/@vue/shared/-/shared-3.1.5.tgz",
            "integrity": "sha512-oJ4F3TnvpXaQwZJNF3ZK+kLPHKarDmJjJ6jyzVNDKH9md1dptjC7lWR//jrGuLdek/U6iltWxqAnYOu8gCiOvA=="
        },
        "node_modules/alpinejs": {
            "version": "3.13.3",
            "resolved": "https://registry.npmjs.org/alpinejs/-/alpinejs-3.13.3.tgz",
            "integrity": "sha512-WZ6WQjkAOl+WdW/jukzNHq9zHFDNKmkk/x6WF7WdyNDD6woinrfXCVsZXm0galjbco+pEpYmJLtwlZwcOfIVdg==",
            "dependencies": {
                "@vue/reactivity": "~3.1.1"
            }
        },
        "node_modules/anymatch": {
            "version": "3.1.3",
            "resolved": "https://registry.npmjs.org/anymatch/-/anymatch-3.1.3.tgz",
            "integrity": "sha512-KMReFUr0B4t+D+OBkjR3KYqvocp2XaSzO55UcB6mgQMd3KbcE+mWTyvVV7D/zsdEbNnV6acZUutkiHQXvTr1Rw==",
            "dev": true,
            "dependencies": {
                "normalize-path": "^3.0.0",
                "picomatch": "^2.0.4"
            },
            "engines": {
                "node": ">= 8"
            }
        },
        "node_modules/asynckit": {
            "version": "0.4.0",
            "resolved": "https://registry.npmjs.org/asynckit/-/asynckit-0.4.0.tgz",
            "integrity": "sha512-Oei9OH4tRh0YqU3GxhX79dM/mwVgvbZJaSNaRk+bshkj0S5cfHcgYakreBjrHwatXKbz+IoIdYLxrKim2MjW0Q==",
            "dev": true
        },
        "node_modules/axios": {
            "version": "1.6.2",
            "resolved": "https://registry.npmjs.org/axios/-/axios-1.6.2.tgz",
            "integrity": "sha512-7i24Ri4pmDRfJTR7LDBhsOTtcm+9kjX5WiY1X3wIisx6G9So3pfMkEiU7emUBe46oceVImccTEM3k6C5dbVW8A==",
            "dev": true,
            "dependencies": {
                "follow-redirects": "^1.15.0",
                "form-data": "^4.0.0",
                "proxy-from-env": "^1.1.0"
            }
        },
        "node_modules/bignumber.js": {
            "version": "9.1.2",
            "resolved": "https://registry.npmjs.org/bignumber.js/-/bignumber.js-9.1.2.tgz",
            "integrity": "sha512-2/mKyZH9K85bzOEfhXDBFZTGd1CTs+5IHpeFQo9luiBG7hghdC851Pj2WAhb6E3R6b9tZj/XKhbg4fum+Kepug==",
            "engines": {
                "node": "*"
            }
        },
        "node_modules/binary-extensions": {
            "version": "2.2.0",
            "resolved": "https://registry.npmjs.org/binary-extensions/-/binary-extensions-2.2.0.tgz",
            "integrity": "sha512-jDctJ/IVQbZoJykoeHbhXpOlNBqGNcwXJKJog42E5HDPUwQTSdjCHdihjj0DlnheQ7blbT6dHOafNAiS8ooQKA==",
            "dev": true,
            "engines": {
                "node": ">=8"
            }
        },
        "node_modules/bootstrap": {
            "version": "5.3.2",
            "resolved": "https://registry.npmjs.org/bootstrap/-/bootstrap-5.3.2.tgz",
            "integrity": "sha512-D32nmNWiQHo94BKHLmOrdjlL05q1c8oxbtBphQFb9Z5to6eGRDCm0QgeaZ4zFBHzfg2++rqa2JkqCcxDy0sH0g==",
            "funding": [
                {
                    "type": "github",
                    "url": "https://github.com/sponsors/twbs"
                },
                {
                    "type": "opencollective",
                    "url": "https://opencollective.com/bootstrap"
                }
            ],
            "peerDependencies": {
                "@popperjs/core": "^2.11.8"
            }
        },
        "node_modules/bootstrap5-autocomplete": {
            "version": "1.1.25",
            "resolved": "https://registry.npmjs.org/bootstrap5-autocomplete/-/bootstrap5-autocomplete-1.1.25.tgz",
            "integrity": "sha512-6Z7vzlVBJduPUi7U1MPRBzoXmJf8ob9tGcUNxxos6qU1bbjPX7Li30r1Dhtk55hSBfPmVuN7p6zahF7G38xtWA=="
        },
        "node_modules/braces": {
            "version": "3.0.2",
            "resolved": "https://registry.npmjs.org/braces/-/braces-3.0.2.tgz",
            "integrity": "sha512-b8um+L1RzM3WDSzvhm6gIz1yfTbBt6YTlcEKAvsmqCZZFw46z626lVj9j1yEPW33H5H+lBQpZMP1k8l+78Ha0A==",
            "dev": true,
            "dependencies": {
                "fill-range": "^7.0.1"
            },
            "engines": {
                "node": ">=8"
            }
        },
        "node_modules/chart.js": {
            "version": "4.4.1",
            "resolved": "https://registry.npmjs.org/chart.js/-/chart.js-4.4.1.tgz",
            "integrity": "sha512-C74QN1bxwV1v2PEujhmKjOZ7iUM4w6BWs23Md/6aOZZSlwMzeCIDGuZay++rBgChYru7/+QFeoQW0fQoP534Dg==",
            "dependencies": {
                "@kurkle/color": "^0.3.0"
            },
            "engines": {
                "pnpm": ">=7"
            }
        },
        "node_modules/chartjs-adapter-date-fns": {
            "version": "3.0.0",
            "resolved": "https://registry.npmjs.org/chartjs-adapter-date-fns/-/chartjs-adapter-date-fns-3.0.0.tgz",
            "integrity": "sha512-Rs3iEB3Q5pJ973J93OBTpnP7qoGwvq3nUnoMdtxO+9aoJof7UFcRbWcIDteXuYd1fgAvct/32T9qaLyLuZVwCg==",
            "peerDependencies": {
                "chart.js": ">=2.8.0",
                "date-fns": ">=2.0.0"
            }
        },
        "node_modules/chartjs-chart-sankey": {
            "version": "0.12.0",
            "resolved": "https://registry.npmjs.org/chartjs-chart-sankey/-/chartjs-chart-sankey-0.12.0.tgz",
            "integrity": "sha512-2f0YfDWNTTDqztVALlD2YMdSbpmjxdxHpcpKgBi9cUq3IPWBvHb58h4gIa7GjsYVjMLwX6gusDXgxlh9PMKkkA==",
            "peerDependencies": {
                "chart.js": ">=3.3.0"
            }
        },
        "node_modules/chokidar": {
            "version": "3.5.3",
            "resolved": "https://registry.npmjs.org/chokidar/-/chokidar-3.5.3.tgz",
            "integrity": "sha512-Dr3sfKRP6oTcjf2JmUmFJfeVMvXBdegxB0iVQ5eb2V10uFJUCAS8OByZdVAyVb8xXNz3GjjTgj9kLWsZTqE6kw==",
            "dev": true,
            "funding": [
                {
                    "type": "individual",
                    "url": "https://paulmillr.com/funding/"
                }
            ],
            "dependencies": {
                "anymatch": "~3.1.2",
                "braces": "~3.0.2",
                "glob-parent": "~5.1.2",
                "is-binary-path": "~2.1.0",
                "is-glob": "~4.0.1",
                "normalize-path": "~3.0.0",
                "readdirp": "~3.6.0"
            },
            "engines": {
                "node": ">= 8.10.0"
            },
            "optionalDependencies": {
                "fsevents": "~2.3.2"
            }
        },
        "node_modules/combined-stream": {
            "version": "1.0.8",
            "resolved": "https://registry.npmjs.org/combined-stream/-/combined-stream-1.0.8.tgz",
            "integrity": "sha512-FQN4MRfuJeHf7cBbBMJFXhKSDq+2kAArBlmRBvcvFE5BB1HZKXtSFASDhdlz9zOYwxh8lDdnvmMOe/+5cdoEdg==",
            "dev": true,
            "dependencies": {
                "delayed-stream": "~1.0.0"
            },
            "engines": {
                "node": ">= 0.8"
            }
        },
        "node_modules/date-fns": {
            "version": "2.30.0",
            "resolved": "https://registry.npmjs.org/date-fns/-/date-fns-2.30.0.tgz",
            "integrity": "sha512-fnULvOpxnC5/Vg3NCiWelDsLiUc9bRwAPs/+LfTLNvetFCtCTN+yQz15C/fs4AwX1R9K5GLtLfn8QW+dWisaAw==",
            "dependencies": {
                "@babel/runtime": "^7.21.0"
            },
            "engines": {
                "node": ">=0.11"
            },
            "funding": {
                "type": "opencollective",
                "url": "https://opencollective.com/date-fns"
            }
        },
        "node_modules/delayed-stream": {
            "version": "1.0.0",
            "resolved": "https://registry.npmjs.org/delayed-stream/-/delayed-stream-1.0.0.tgz",
            "integrity": "sha512-ZySD7Nf91aLB0RxL4KGrKHBXl7Eds1DAmEdcoVawXnLD7SDhpNgtuII2aAkg7a7QS41jxPSZ17p4VdGnMHk3MQ==",
            "dev": true,
            "engines": {
                "node": ">=0.4.0"
            }
        },
        "node_modules/esbuild": {
            "version": "0.19.9",
            "resolved": "https://registry.npmjs.org/esbuild/-/esbuild-0.19.9.tgz",
            "integrity": "sha512-U9CHtKSy+EpPsEBa+/A2gMs/h3ylBC0H0KSqIg7tpztHerLi6nrrcoUJAkNCEPumx8yJ+Byic4BVwHgRbN0TBg==",
            "dev": true,
            "hasInstallScript": true,
            "bin": {
                "esbuild": "bin/esbuild"
            },
            "engines": {
                "node": ">=12"
            },
            "optionalDependencies": {
                "@esbuild/android-arm": "0.19.9",
                "@esbuild/android-arm64": "0.19.9",
                "@esbuild/android-x64": "0.19.9",
                "@esbuild/darwin-arm64": "0.19.9",
                "@esbuild/darwin-x64": "0.19.9",
                "@esbuild/freebsd-arm64": "0.19.9",
                "@esbuild/freebsd-x64": "0.19.9",
                "@esbuild/linux-arm": "0.19.9",
                "@esbuild/linux-arm64": "0.19.9",
                "@esbuild/linux-ia32": "0.19.9",
                "@esbuild/linux-loong64": "0.19.9",
                "@esbuild/linux-mips64el": "0.19.9",
                "@esbuild/linux-ppc64": "0.19.9",
                "@esbuild/linux-riscv64": "0.19.9",
                "@esbuild/linux-s390x": "0.19.9",
                "@esbuild/linux-x64": "0.19.9",
                "@esbuild/netbsd-x64": "0.19.9",
                "@esbuild/openbsd-x64": "0.19.9",
                "@esbuild/sunos-x64": "0.19.9",
                "@esbuild/win32-arm64": "0.19.9",
                "@esbuild/win32-ia32": "0.19.9",
                "@esbuild/win32-x64": "0.19.9"
            }
        },
        "node_modules/fill-range": {
            "version": "7.0.1",
            "resolved": "https://registry.npmjs.org/fill-range/-/fill-range-7.0.1.tgz",
            "integrity": "sha512-qOo9F+dMUmC2Lcb4BbVvnKJxTPjCm+RRpe4gDuGrzkL7mEVl/djYSu2OdQ2Pa302N4oqkSg9ir6jaLWJ2USVpQ==",
            "dev": true,
            "dependencies": {
                "to-regex-range": "^5.0.1"
            },
            "engines": {
                "node": ">=8"
            }
        },
        "node_modules/follow-redirects": {
            "version": "1.15.3",
            "resolved": "https://registry.npmjs.org/follow-redirects/-/follow-redirects-1.15.3.tgz",
            "integrity": "sha512-1VzOtuEM8pC9SFU1E+8KfTjZyMztRsgEfwQl44z8A25uy13jSzTj6dyK2Df52iV0vgHCfBwLhDWevLn95w5v6Q==",
            "dev": true,
            "funding": [
                {
                    "type": "individual",
                    "url": "https://github.com/sponsors/RubenVerborgh"
                }
            ],
            "engines": {
                "node": ">=4.0"
            },
            "peerDependenciesMeta": {
                "debug": {
                    "optional": true
                }
            }
        },
        "node_modules/form-data": {
            "version": "4.0.0",
            "resolved": "https://registry.npmjs.org/form-data/-/form-data-4.0.0.tgz",
            "integrity": "sha512-ETEklSGi5t0QMZuiXoA/Q6vcnxcLQP5vdugSpuAyi6SVGi2clPPp+xgEhuMaHC+zGgn31Kd235W35f7Hykkaww==",
            "dev": true,
            "dependencies": {
                "asynckit": "^0.4.0",
                "combined-stream": "^1.0.8",
                "mime-types": "^2.1.12"
            },
            "engines": {
                "node": ">= 6"
            }
        },
        "node_modules/fsevents": {
            "version": "2.3.3",
            "resolved": "https://registry.npmjs.org/fsevents/-/fsevents-2.3.3.tgz",
            "integrity": "sha512-5xoDfX+fL7faATnagmWPpbFtwh/R77WmMMqqHGS65C3vvB0YHrgF+B1YmZ3441tMj5n63k0212XNoJwzlhffQw==",
            "dev": true,
            "hasInstallScript": true,
            "optional": true,
            "os": [
                "darwin"
            ],
            "engines": {
                "node": "^8.16.0 || ^10.6.0 || >=11.0.0"
            }
        },
        "node_modules/glob-parent": {
            "version": "5.1.2",
            "resolved": "https://registry.npmjs.org/glob-parent/-/glob-parent-5.1.2.tgz",
            "integrity": "sha512-AOIgSQCepiJYwP3ARnGx+5VnTu2HBYdzbGP45eLw1vr3zB3vZLeyed1sC9hnbcOc9/SrMyM5RPQrkGz4aS9Zow==",
            "dev": true,
            "dependencies": {
                "is-glob": "^4.0.1"
            },
            "engines": {
                "node": ">= 6"
            }
        },
        "node_modules/i18n-js": {
            "version": "4.3.2",
            "resolved": "https://registry.npmjs.org/i18n-js/-/i18n-js-4.3.2.tgz",
            "integrity": "sha512-n8gbEbQEueym2/q2yrZk5/xKWjFcKtg3/Escw4JHSVWa8qtKqP8j7se3UjkRbHlO/REqFA0V/MG1q8tEfyHeOA==",
            "dependencies": {
                "bignumber.js": "*",
                "lodash": "*",
                "make-plural": "*"
            }
        },
        "node_modules/immutable": {
            "version": "4.3.4",
            "resolved": "https://registry.npmjs.org/immutable/-/immutable-4.3.4.tgz",
            "integrity": "sha512-fsXeu4J4i6WNWSikpI88v/PcVflZz+6kMhUfIwc5SY+poQRPnaf5V7qds6SUyUN3cVxEzuCab7QIoLOQ+DQ1wA==",
            "dev": true
        },
        "node_modules/is-binary-path": {
            "version": "2.1.0",
            "resolved": "https://registry.npmjs.org/is-binary-path/-/is-binary-path-2.1.0.tgz",
            "integrity": "sha512-ZMERYes6pDydyuGidse7OsHxtbI7WVeUEozgR/g7rd0xUimYNlvZRE/K2MgZTjWy725IfelLeVcEM97mmtRGXw==",
            "dev": true,
            "dependencies": {
                "binary-extensions": "^2.0.0"
            },
            "engines": {
                "node": ">=8"
            }
        },
        "node_modules/is-extglob": {
            "version": "2.1.1",
            "resolved": "https://registry.npmjs.org/is-extglob/-/is-extglob-2.1.1.tgz",
            "integrity": "sha512-SbKbANkN603Vi4jEZv49LeVJMn4yGwsbzZworEoyEiutsN3nJYdbO36zfhGJ6QEDpOZIFkDtnq5JRxmvl3jsoQ==",
            "dev": true,
            "engines": {
                "node": ">=0.10.0"
            }
        },
        "node_modules/is-glob": {
            "version": "4.0.3",
            "resolved": "https://registry.npmjs.org/is-glob/-/is-glob-4.0.3.tgz",
            "integrity": "sha512-xelSayHH36ZgE7ZWhli7pW34hNbNl8Ojv5KVmkJD4hBdD3th8Tfk9vYasLM+mXWOZhFkgZfxhLSnrwRr4elSSg==",
            "dev": true,
            "dependencies": {
                "is-extglob": "^2.1.1"
            },
            "engines": {
                "node": ">=0.10.0"
            }
        },
        "node_modules/is-number": {
            "version": "7.0.0",
            "resolved": "https://registry.npmjs.org/is-number/-/is-number-7.0.0.tgz",
            "integrity": "sha512-41Cifkg6e8TylSpdtTpeLVMqvSBEVzTttHvERD741+pnZ8ANv0004MRL43QKPDlK9cGvNp6NZWZUBlbGXYxxng==",
            "dev": true,
            "engines": {
                "node": ">=0.12.0"
            }
        },
        "node_modules/laravel-vite-plugin": {
            "version": "0.8.1",
            "resolved": "https://registry.npmjs.org/laravel-vite-plugin/-/laravel-vite-plugin-0.8.1.tgz",
            "integrity": "sha512-fxzUDjOA37kOsYq8dP+3oPIlw8/kJVXwu0hOXLun82R1LpV02shGeWGYKx2lbpKffL5I0sfPPjfqbYxuqBluAA==",
            "dev": true,
            "dependencies": {
                "picocolors": "^1.0.0",
                "vite-plugin-full-reload": "^1.0.5"
            },
            "engines": {
                "node": ">=14"
            },
            "peerDependencies": {
                "vite": "^3.0.0 || ^4.0.0"
            }
        },
        "node_modules/lodash": {
            "version": "4.17.21",
            "resolved": "https://registry.npmjs.org/lodash/-/lodash-4.17.21.tgz",
            "integrity": "sha512-v2kDEe57lecTulaDIuNTPy3Ry4gLGJ6Z1O3vE1krgXZNrsQ+LFTGHVxVjcXPs17LhbZVGedAJv8XZ1tvj5FvSg=="
        },
        "node_modules/make-plural": {
            "version": "7.3.0",
            "resolved": "https://registry.npmjs.org/make-plural/-/make-plural-7.3.0.tgz",
            "integrity": "sha512-/K3BC0KIsO+WK2i94LkMPv3wslMrazrQhfi5We9fMbLlLjzoOSJWr7TAdupLlDWaJcWxwoNosBkhFDejiu5VDw=="
        },
        "node_modules/mime-db": {
            "version": "1.52.0",
            "resolved": "https://registry.npmjs.org/mime-db/-/mime-db-1.52.0.tgz",
            "integrity": "sha512-sPU4uV7dYlvtWJxwwxHD0PuihVNiE7TyAbQ5SWxDCB9mUYvOgroQOwYQQOKPJ8CIbE+1ETVlOoK1UC2nU3gYvg==",
            "dev": true,
            "engines": {
                "node": ">= 0.6"
            }
        },
        "node_modules/mime-types": {
            "version": "2.1.35",
            "resolved": "https://registry.npmjs.org/mime-types/-/mime-types-2.1.35.tgz",
            "integrity": "sha512-ZDY+bPm5zTTF+YpCrAU9nK0UgICYPT0QtT1NZWFv4s++TNkcgVaT0g6+4R2uI4MjQjzysHB1zxuWL50hzaeXiw==",
            "dev": true,
            "dependencies": {
                "mime-db": "1.52.0"
            },
            "engines": {
                "node": ">= 0.6"
            }
        },
        "node_modules/nanoid": {
            "version": "3.3.7",
            "resolved": "https://registry.npmjs.org/nanoid/-/nanoid-3.3.7.tgz",
            "integrity": "sha512-eSRppjcPIatRIMC1U6UngP8XFcz8MQWGQdt1MTBQ7NaAmvXDfvNxbvWV3x2y6CdEUciCSsDHDQZbhYaB8QEo2g==",
            "dev": true,
            "funding": [
                {
                    "type": "github",
                    "url": "https://github.com/sponsors/ai"
                }
            ],
            "bin": {
                "nanoid": "bin/nanoid.cjs"
            },
            "engines": {
                "node": "^10 || ^12 || ^13.7 || ^14 || >=15.0.1"
            }
        },
        "node_modules/normalize-path": {
            "version": "3.0.0",
            "resolved": "https://registry.npmjs.org/normalize-path/-/normalize-path-3.0.0.tgz",
            "integrity": "sha512-6eZs5Ls3WtCisHWp9S2GUy8dqkpGi4BVSz3GaqiE6ezub0512ESztXUwUB6C6IKbQkY2Pnb/mD4WYojCRwcwLA==",
            "dev": true,
            "engines": {
                "node": ">=0.10.0"
            }
        },
        "node_modules/picocolors": {
            "version": "1.0.0",
            "resolved": "https://registry.npmjs.org/picocolors/-/picocolors-1.0.0.tgz",
            "integrity": "sha512-1fygroTLlHu66zi26VoTDv8yRgm0Fccecssto+MhsZ0D/DGW2sm8E8AjW7NU5VVTRt5GxbeZ5qBuJr+HyLYkjQ==",
            "dev": true
        },
        "node_modules/picomatch": {
            "version": "2.3.1",
            "resolved": "https://registry.npmjs.org/picomatch/-/picomatch-2.3.1.tgz",
            "integrity": "sha512-JU3teHTNjmE2VCGFzuY8EXzCDVwEqB2a8fsIvwaStHhAWJEeVd1o1QD80CU6+ZdEXXSLbSsuLwJjkCBWqRQUVA==",
            "dev": true,
            "engines": {
                "node": ">=8.6"
            },
            "funding": {
                "url": "https://github.com/sponsors/jonschlinkert"
            }
        },
        "node_modules/postcss": {
            "version": "8.4.32",
            "resolved": "https://registry.npmjs.org/postcss/-/postcss-8.4.32.tgz",
            "integrity": "sha512-D/kj5JNu6oo2EIy+XL/26JEDTlIbB8hw85G8StOE6L74RQAVVP5rej6wxCNqyMbR4RkPfqvezVbPw81Ngd6Kcw==",
            "dev": true,
            "funding": [
                {
                    "type": "opencollective",
                    "url": "https://opencollective.com/postcss/"
                },
                {
                    "type": "tidelift",
                    "url": "https://tidelift.com/funding/github/npm/postcss"
                },
                {
                    "type": "github",
                    "url": "https://github.com/sponsors/ai"
                }
            ],
            "dependencies": {
                "nanoid": "^3.3.7",
                "picocolors": "^1.0.0",
                "source-map-js": "^1.0.2"
            },
            "engines": {
                "node": "^10 || ^12 || >=14"
            }
        },
        "node_modules/proxy-from-env": {
            "version": "1.1.0",
            "resolved": "https://registry.npmjs.org/proxy-from-env/-/proxy-from-env-1.1.0.tgz",
            "integrity": "sha512-D+zkORCbA9f1tdWRK0RaCR3GPv50cMxcrz4X8k5LTSUD1Dkw47mKJEZQNunItRTkWwgtaUSo1RVFRIG9ZXiFYg==",
            "dev": true
        },
        "node_modules/readdirp": {
            "version": "3.6.0",
            "resolved": "https://registry.npmjs.org/readdirp/-/readdirp-3.6.0.tgz",
            "integrity": "sha512-hOS089on8RduqdbhvQ5Z37A0ESjsqz6qnRcffsMU3495FuTdqSm+7bhJ29JvIOsBDEEnan5DPu9t3To9VRlMzA==",
            "dev": true,
            "dependencies": {
                "picomatch": "^2.2.1"
            },
            "engines": {
                "node": ">=8.10.0"
            }
        },
        "node_modules/regenerator-runtime": {
            "version": "0.14.0",
            "resolved": "https://registry.npmjs.org/regenerator-runtime/-/regenerator-runtime-0.14.0.tgz",
            "integrity": "sha512-srw17NI0TUWHuGa5CFGGmhfNIeja30WMBfbslPNhf6JrqQlLN5gcrvig1oqPxiVaXb0oW0XRKtH6Nngs5lKCIA=="
        },
        "node_modules/rollup": {
            "version": "4.7.0",
            "resolved": "https://registry.npmjs.org/rollup/-/rollup-4.7.0.tgz",
            "integrity": "sha512-7Kw0dUP4BWH78zaZCqF1rPyQ8D5DSU6URG45v1dqS/faNsx9WXyess00uTOZxKr7oR/4TOjO1CPudT8L1UsEgw==",
            "dev": true,
            "bin": {
                "rollup": "dist/bin/rollup"
            },
            "engines": {
                "node": ">=18.0.0",
                "npm": ">=8.0.0"
            },
            "optionalDependencies": {
                "@rollup/rollup-android-arm-eabi": "4.7.0",
                "@rollup/rollup-android-arm64": "4.7.0",
                "@rollup/rollup-darwin-arm64": "4.7.0",
                "@rollup/rollup-darwin-x64": "4.7.0",
                "@rollup/rollup-linux-arm-gnueabihf": "4.7.0",
                "@rollup/rollup-linux-arm64-gnu": "4.7.0",
                "@rollup/rollup-linux-arm64-musl": "4.7.0",
                "@rollup/rollup-linux-riscv64-gnu": "4.7.0",
                "@rollup/rollup-linux-x64-gnu": "4.7.0",
                "@rollup/rollup-linux-x64-musl": "4.7.0",
                "@rollup/rollup-win32-arm64-msvc": "4.7.0",
                "@rollup/rollup-win32-ia32-msvc": "4.7.0",
                "@rollup/rollup-win32-x64-msvc": "4.7.0",
                "fsevents": "~2.3.2"
            }
        },
        "node_modules/sass": {
            "version": "1.69.5",
            "resolved": "https://registry.npmjs.org/sass/-/sass-1.69.5.tgz",
            "integrity": "sha512-qg2+UCJibLr2LCVOt3OlPhr/dqVHWOa9XtZf2OjbLs/T4VPSJ00udtgJxH3neXZm+QqX8B+3cU7RaLqp1iVfcQ==",
            "dev": true,
            "dependencies": {
                "chokidar": ">=3.0.0 <4.0.0",
                "immutable": "^4.0.0",
                "source-map-js": ">=0.6.2 <2.0.0"
            },
            "bin": {
                "sass": "sass.js"
            },
            "engines": {
                "node": ">=14.0.0"
            }
        },
        "node_modules/source-map-js": {
            "version": "1.0.2",
            "resolved": "https://registry.npmjs.org/source-map-js/-/source-map-js-1.0.2.tgz",
            "integrity": "sha512-R0XvVJ9WusLiqTCEiGCmICCMplcCkIwwR11mOSD9CR5u+IXYdiseeEuXCVAjS54zqwkLcPNnmU4OeJ6tUrWhDw==",
            "dev": true,
            "engines": {
                "node": ">=0.10.0"
            }
        },
        "node_modules/store": {
            "version": "2.0.12",
            "resolved": "https://registry.npmjs.org/store/-/store-2.0.12.tgz",
            "integrity": "sha512-eO9xlzDpXLiMr9W1nQ3Nfp9EzZieIQc10zPPMP5jsVV7bLOziSFFBP0XoDXACEIFtdI+rIz0NwWVA/QVJ8zJtw==",
            "engines": {
                "node": "*"
            }
        },
        "node_modules/to-regex-range": {
            "version": "5.0.1",
            "resolved": "https://registry.npmjs.org/to-regex-range/-/to-regex-range-5.0.1.tgz",
            "integrity": "sha512-65P7iz6X5yEr1cwcgvQxbbIw7Uk3gOy5dIdtZ4rDveLqhrdJP+Li/Hx6tyK0NEb+2GCyneCMJiGqrADCSNk8sQ==",
            "dev": true,
            "dependencies": {
                "is-number": "^7.0.0"
            },
            "engines": {
                "node": ">=8.0"
            }
        },
        "node_modules/vite": {
            "version": "5.0.7",
            "resolved": "https://registry.npmjs.org/vite/-/vite-5.0.7.tgz",
            "integrity": "sha512-B4T4rJCDPihrQo2B+h1MbeGL/k/GMAHzhQ8S0LjQ142s6/+l3hHTT095ORvsshj4QCkoWu3Xtmob5mazvakaOw==",
            "dev": true,
            "dependencies": {
                "esbuild": "^0.19.3",
                "postcss": "^8.4.32",
                "rollup": "^4.2.0"
            },
            "bin": {
                "vite": "bin/vite.js"
            },
            "engines": {
                "node": "^18.0.0 || >=20.0.0"
            },
            "funding": {
                "url": "https://github.com/vitejs/vite?sponsor=1"
            },
            "optionalDependencies": {
                "fsevents": "~2.3.3"
            },
            "peerDependencies": {
                "@types/node": "^18.0.0 || >=20.0.0",
                "less": "*",
                "lightningcss": "^1.21.0",
                "sass": "*",
                "stylus": "*",
                "sugarss": "*",
                "terser": "^5.4.0"
            },
            "peerDependenciesMeta": {
                "@types/node": {
                    "optional": true
                },
                "less": {
                    "optional": true
                },
                "lightningcss": {
                    "optional": true
                },
                "sass": {
                    "optional": true
                },
                "stylus": {
                    "optional": true
                },
                "sugarss": {
                    "optional": true
                },
                "terser": {
                    "optional": true
                }
            }
        },
        "node_modules/vite-plugin-full-reload": {
            "version": "1.1.0",
            "resolved": "https://registry.npmjs.org/vite-plugin-full-reload/-/vite-plugin-full-reload-1.1.0.tgz",
            "integrity": "sha512-3cObNDzX6DdfhD9E7kf6w2mNunFpD7drxyNgHLw+XwIYAgb+Xt16SEXo0Up4VH+TMf3n+DSVJZtW2POBGcBYAA==",
            "dev": true,
            "dependencies": {
                "picocolors": "^1.0.0",
                "picomatch": "^2.3.1"
            }
        },
        "node_modules/vite-plugin-manifest-sri": {
            "version": "0.1.0",
            "resolved": "https://registry.npmjs.org/vite-plugin-manifest-sri/-/vite-plugin-manifest-sri-0.1.0.tgz",
            "integrity": "sha512-m4gcEXwcA1MfCVYTLVHYsB03Xsc6L4VYfhxXmcYcS+rN3kTjuWkXMaA8OuOV1gFdi1bMJFkLTJCPciYApvCm/g==",
            "dev": true
        }
    }
}
