name: 'Issues - Lock old issues'

on:
  workflow_dispatch:
  schedule:
    - cron: '0 2 * * *'

concurrency:
  group: lock-threads

permissions:
  issues: write
  pull-requests: write
  discussions: write

jobs:
  lock:
    permissions:
      issues: write
      pull-requests: write
      discussions: write
    runs-on: ubuntu-latest
    steps:
      - uses: dessant/lock-threads@v5
        with:
          issue-inactive-days: 21
          pr-inactive-days: 21
          discussion-inactive-days: 21
          log-output: true
